// !$*UTF8*$!
{
	archiveVersion = 1;
	classes = {
	};
	objectVersion = 56;
	objects = {

/* Begin PBXBuildFile section */
		321F97052B740B5E00AB15B7 /* ProgressViewCell.swift in Sources */ = {isa = PBXBuildFile; fileRef = 321F97042B740B5E00AB15B7 /* ProgressViewCell.swift */; };
		322040F72B83F03D004D7CB1 /* SettingsTableViewController.swift in Sources */ = {isa = PBXBuildFile; fileRef = 322040F62B83F03D004D7CB1 /* SettingsTableViewController.swift */; };
		322040F92B840B4F004D7CB1 /* SettingsTableViewCell.swift in Sources */ = {isa = PBXBuildFile; fileRef = 322040F82B840B4F004D7CB1 /* SettingsTableViewCell.swift */; };
		323015CD2D25DA620055A040 /* StartWorkoutModel.swift in Sources */ = {isa = PBXBuildFile; fileRef = 323015CC2D25DA620055A040 /* StartWorkoutModel.swift */; };
		323015CF2D25DB650055A040 /* LogWorkoutModel.swift in Sources */ = {isa = PBXBuildFile; fileRef = 323015CE2D25DB650055A040 /* LogWorkoutModel.swift */; };
		323015D12D25EDFA0055A040 /* StartWorkoutViewController.swift in Sources */ = {isa = PBXBuildFile; fileRef = 323015D02D25EDFA0055A040 /* StartWorkoutViewController.swift */; };
		323148A62B50CAEA00F598A2 /* WorkoutDetailViewController.swift in Sources */ = {isa = PBXBuildFile; fileRef = 323148A52B50CAEA00F598A2 /* WorkoutDetailViewController.swift */; };
		323148BC2B50E4FB00F598A2 /* WorkoutDetailTableViewCell.swift in Sources */ = {isa = PBXBuildFile; fileRef = 323148BB2B50E4FB00F598A2 /* WorkoutDetailTableViewCell.swift */; };
		323148BE2B51BF1A00F598A2 /* AddSetTableViewCell.swift in Sources */ = {isa = PBXBuildFile; fileRef = 323148BD2B51BF1A00F598A2 /* AddSetTableViewCell.swift */; };
		324C37422B76EC7F0098B5E6 /* ProgressDetailView.swift in Sources */ = {isa = PBXBuildFile; fileRef = 324C37412B76EC7F0098B5E6 /* ProgressDetailView.swift */; };
		3258997A2B88503D00C78FED /* ThemeTableViewController.swift in Sources */ = {isa = PBXBuildFile; fileRef = 325899792B88503D00C78FED /* ThemeTableViewController.swift */; };
		325FC5D52B747E8C0023C02D /* EmptyLabel.swift in Sources */ = {isa = PBXBuildFile; fileRef = 325FC5D42B747E8C0023C02D /* EmptyLabel.swift */; };
		32721AA42B857669002C742B /* WeightTableViewController.swift in Sources */ = {isa = PBXBuildFile; fileRef = 32721AA32B857669002C742B /* WeightTableViewController.swift */; };
		32721AA62B858BFC002C742B /* Settings.swift in Sources */ = {isa = PBXBuildFile; fileRef = 32721AA52B858BFC002C742B /* Settings.swift */; };
		327268622B5A10D600FA6D04 /* LogSectionHeaderView.swift in Sources */ = {isa = PBXBuildFile; fileRef = 327268612B5A10D600FA6D04 /* LogSectionHeaderView.swift */; };
		327DCA032B82DDDD0034139E /* TimerBarButton.swift in Sources */ = {isa = PBXBuildFile; fileRef = 327DCA022B82DDDD0034139E /* TimerBarButton.swift */; };
		32A2937B2B42073B00122166 /* AppDelegate.swift in Sources */ = {isa = PBXBuildFile; fileRef = 32A2937A2B42073B00122166 /* AppDelegate.swift */; };
		32A2937D2B42073B00122166 /* SceneDelegate.swift in Sources */ = {isa = PBXBuildFile; fileRef = 32A2937C2B42073B00122166 /* SceneDelegate.swift */; };
		32A293852B42073B00122166 /* BuiltDiff.xcdatamodeld in Sources */ = {isa = PBXBuildFile; fileRef = 32A293832B42073B00122166 /* BuiltDiff.xcdatamodeld */; };
		32A293872B42073C00122166 /* Assets.xcassets in Resources */ = {isa = PBXBuildFile; fileRef = 32A293862B42073C00122166 /* Assets.xcassets */; };
		32A2938A2B42073C00122166 /* LaunchScreen.storyboard in Resources */ = {isa = PBXBuildFile; fileRef = 32A293882B42073C00122166 /* LaunchScreen.storyboard */; };
		32A293972B4213D100122166 /* WorkoutTableViewCell.swift in Sources */ = {isa = PBXBuildFile; fileRef = 32A293962B4213D100122166 /* WorkoutTableViewCell.swift */; };
		32A81E3E2B45027800A5C8C2 /* AddWorkoutFooterView.swift in Sources */ = {isa = PBXBuildFile; fileRef = 32A81E3D2B45027800A5C8C2 /* AddWorkoutFooterView.swift */; };
		32B9D74E2B589A440027DE30 /* LogTableViewCell.swift in Sources */ = {isa = PBXBuildFile; fileRef = 32B9D74D2B589A440027DE30 /* LogTableViewCell.swift */; };
		32BF97692D1CB35B0004FA47 /* WorkoutViewController.swift in Sources */ = {isa = PBXBuildFile; fileRef = 32BF97682D1CB35B0004FA47 /* WorkoutViewController.swift */; };
		32BF976B2D1CC39B0004FA47 /* LogViewController.swift in Sources */ = {isa = PBXBuildFile; fileRef = 32BF976A2D1CC39B0004FA47 /* LogViewController.swift */; };
		32BF976D2D1CC7070004FA47 /* ProgressViewController.swift in Sources */ = {isa = PBXBuildFile; fileRef = 32BF976C2D1CC7070004FA47 /* ProgressViewController.swift */; };
		32BF976F2D1CD06A0004FA47 /* CoreDataStack.swift in Sources */ = {isa = PBXBuildFile; fileRef = 32BF976E2D1CD06A0004FA47 /* CoreDataStack.swift */; };
		32BF97712D1F80ED0004FA47 /* CreateWorkoutViewController.swift in Sources */ = {isa = PBXBuildFile; fileRef = 32BF97702D1F80ED0004FA47 /* CreateWorkoutViewController.swift */; };
		32BF97882D20C71C0004FA47 /* TemplateExercise+CoreDataClass.swift in Sources */ = {isa = PBXBuildFile; fileRef = 32BF97842D20C71C0004FA47 /* TemplateExercise+CoreDataClass.swift */; };
		32BF97892D20C71C0004FA47 /* TemplateExercise+CoreDataProperties.swift in Sources */ = {isa = PBXBuildFile; fileRef = 32BF97852D20C71C0004FA47 /* TemplateExercise+CoreDataProperties.swift */; };
		32BF978D2D20C8F20004FA47 /* TemplateTitleTableViewCell.swift in Sources */ = {isa = PBXBuildFile; fileRef = 32BF978C2D20C8F20004FA47 /* TemplateTitleTableViewCell.swift */; };
		32BF97902D20CCA70004FA47 /* Template+CoreDataClass.swift in Sources */ = {isa = PBXBuildFile; fileRef = 32BF978E2D20CCA70004FA47 /* Template+CoreDataClass.swift */; };
		32BF97912D20CCA70004FA47 /* Template+CoreDataProperties.swift in Sources */ = {isa = PBXBuildFile; fileRef = 32BF978F2D20CCA70004FA47 /* Template+CoreDataProperties.swift */; };
		32BF97932D20D25C0004FA47 /* TemplateExerciseTableViewCell.swift in Sources */ = {isa = PBXBuildFile; fileRef = 32BF97922D20D25C0004FA47 /* TemplateExerciseTableViewCell.swift */; };
		32BF97952D20DC460004FA47 /* AddTemplateExerciseTableViewCell.swift in Sources */ = {isa = PBXBuildFile; fileRef = 32BF97942D20DC460004FA47 /* AddTemplateExerciseTableViewCell.swift */; };
		32BF97972D21D36E0004FA47 /* ExerciseDetailViewController.swift in Sources */ = {isa = PBXBuildFile; fileRef = 32BF97962D21D36E0004FA47 /* ExerciseDetailViewController.swift */; };
		32BF97992D2204D50004FA47 /* EditExerciseDetailViewController.swift in Sources */ = {isa = PBXBuildFile; fileRef = 32BF97982D2204D50004FA47 /* EditExerciseDetailViewController.swift */; };
		32BF979B2D2205DD0004FA47 /* AddExerciseDetailViewController.swift in Sources */ = {isa = PBXBuildFile; fileRef = 32BF979A2D2205DD0004FA47 /* AddExerciseDetailViewController.swift */; };
		32D846232B5F06260046F0D2 /* Workout+CoreDataClass.swift in Sources */ = {isa = PBXBuildFile; fileRef = 32D8461D2B5F06260046F0D2 /* Workout+CoreDataClass.swift */; };
		32D846242B5F06260046F0D2 /* Workout+CoreDataProperties.swift in Sources */ = {isa = PBXBuildFile; fileRef = 32D8461E2B5F06260046F0D2 /* Workout+CoreDataProperties.swift */; };
		32D846252B5F06260046F0D2 /* Exercise+CoreDataClass.swift in Sources */ = {isa = PBXBuildFile; fileRef = 32D8461F2B5F06260046F0D2 /* Exercise+CoreDataClass.swift */; };
		32D846262B5F06260046F0D2 /* Exercise+CoreDataProperties.swift in Sources */ = {isa = PBXBuildFile; fileRef = 32D846202B5F06260046F0D2 /* Exercise+CoreDataProperties.swift */; };
		32D846272B5F06260046F0D2 /* ExerciseSet+CoreDataClass.swift in Sources */ = {isa = PBXBuildFile; fileRef = 32D846212B5F06260046F0D2 /* ExerciseSet+CoreDataClass.swift */; };
		32D846282B5F06260046F0D2 /* ExerciseSet+CoreDataProperties.swift in Sources */ = {isa = PBXBuildFile; fileRef = 32D846222B5F06260046F0D2 /* ExerciseSet+CoreDataProperties.swift */; };
		32D8462A2B5F1EDB0046F0D2 /* ExercisesTableViewController.swift in Sources */ = {isa = PBXBuildFile; fileRef = 32D846292B5F1EDB0046F0D2 /* ExercisesTableViewController.swift */; };
		32D8462C2B6305CF0046F0D2 /* WorkoutService.swift in Sources */ = {isa = PBXBuildFile; fileRef = 32D8462B2B6305CF0046F0D2 /* WorkoutService.swift */; };
		32D8462E2B6C39130046F0D2 /* CalendarViewController.swift in Sources */ = {isa = PBXBuildFile; fileRef = 32D8462D2B6C39130046F0D2 /* CalendarViewController.swift */; };
		32E051D92B7ED1FA0093EE4B /* ExerciseHeaderView.swift in Sources */ = {isa = PBXBuildFile; fileRef = 32E051D82B7ED1FA0093EE4B /* ExerciseHeaderView.swift */; };
		32E3A1962B894FC3001FD86B /* AccentColorTableViewController.swift in Sources */ = {isa = PBXBuildFile; fileRef = 32E3A1952B894FC3001FD86B /* AccentColorTableViewController.swift */; };
		32E3A1982B8C0865001FD86B /* PrivacyTableViewController.swift in Sources */ = {isa = PBXBuildFile; fileRef = 32E3A1972B8C0865001FD86B /* PrivacyTableViewController.swift */; };
/* End PBXBuildFile section */

/* Begin PBXFileReference section */
		321F97042B740B5E00AB15B7 /* ProgressViewCell.swift */ = {isa = PBXFileReference; lastKnownFileType = sourcecode.swift; path = ProgressViewCell.swift; sourceTree = "<group>"; };
		322040F62B83F03D004D7CB1 /* SettingsTableViewController.swift */ = {isa = PBXFileReference; lastKnownFileType = sourcecode.swift; path = SettingsTableViewController.swift; sourceTree = "<group>"; };
		322040F82B840B4F004D7CB1 /* SettingsTableViewCell.swift */ = {isa = PBXFileReference; lastKnownFileType = sourcecode.swift; path = SettingsTableViewCell.swift; sourceTree = "<group>"; };
		323015CC2D25DA620055A040 /* StartWorkoutModel.swift */ = {isa = PBXFileReference; lastKnownFileType = sourcecode.swift; path = StartWorkoutModel.swift; sourceTree = "<group>"; };
		323015CE2D25DB650055A040 /* LogWorkoutModel.swift */ = {isa = PBXFileReference; lastKnownFileType = sourcecode.swift; path = LogWorkoutModel.swift; sourceTree = "<group>"; };
		323015D02D25EDFA0055A040 /* StartWorkoutViewController.swift */ = {isa = PBXFileReference; lastKnownFileType = sourcecode.swift; path = StartWorkoutViewController.swift; sourceTree = "<group>"; };
		323148A52B50CAEA00F598A2 /* WorkoutDetailViewController.swift */ = {isa = PBXFileReference; lastKnownFileType = sourcecode.swift; path = WorkoutDetailViewController.swift; sourceTree = "<group>"; };
		323148BB2B50E4FB00F598A2 /* WorkoutDetailTableViewCell.swift */ = {isa = PBXFileReference; lastKnownFileType = sourcecode.swift; path = WorkoutDetailTableViewCell.swift; sourceTree = "<group>"; };
		323148BD2B51BF1A00F598A2 /* AddSetTableViewCell.swift */ = {isa = PBXFileReference; lastKnownFileType = sourcecode.swift; path = AddSetTableViewCell.swift; sourceTree = "<group>"; };
		324C37412B76EC7F0098B5E6 /* ProgressDetailView.swift */ = {isa = PBXFileReference; lastKnownFileType = sourcecode.swift; path = ProgressDetailView.swift; sourceTree = "<group>"; };
		325899792B88503D00C78FED /* ThemeTableViewController.swift */ = {isa = PBXFileReference; lastKnownFileType = sourcecode.swift; path = ThemeTableViewController.swift; sourceTree = "<group>"; };
		325FC5D42B747E8C0023C02D /* EmptyLabel.swift */ = {isa = PBXFileReference; lastKnownFileType = sourcecode.swift; path = EmptyLabel.swift; sourceTree = "<group>"; };
		32721AA32B857669002C742B /* WeightTableViewController.swift */ = {isa = PBXFileReference; lastKnownFileType = sourcecode.swift; path = WeightTableViewController.swift; sourceTree = "<group>"; };
		32721AA52B858BFC002C742B /* Settings.swift */ = {isa = PBXFileReference; lastKnownFileType = sourcecode.swift; path = Settings.swift; sourceTree = "<group>"; };
		327268612B5A10D600FA6D04 /* LogSectionHeaderView.swift */ = {isa = PBXFileReference; lastKnownFileType = sourcecode.swift; path = LogSectionHeaderView.swift; sourceTree = "<group>"; };
		327DCA022B82DDDD0034139E /* TimerBarButton.swift */ = {isa = PBXFileReference; lastKnownFileType = sourcecode.swift; path = TimerBarButton.swift; sourceTree = "<group>"; };
		32A293772B42073B00122166 /* BuiltDiff.app */ = {isa = PBXFileReference; explicitFileType = wrapper.application; includeInIndex = 0; path = BuiltDiff.app; sourceTree = BUILT_PRODUCTS_DIR; };
		32A2937A2B42073B00122166 /* AppDelegate.swift */ = {isa = PBXFileReference; lastKnownFileType = sourcecode.swift; path = AppDelegate.swift; sourceTree = "<group>"; };
		32A2937C2B42073B00122166 /* SceneDelegate.swift */ = {isa = PBXFileReference; lastKnownFileType = sourcecode.swift; path = SceneDelegate.swift; sourceTree = "<group>"; };
		32A293842B42073B00122166 /* WorkoutApp.xcdatamodel */ = {isa = PBXFileReference; lastKnownFileType = wrapper.xcdatamodel; path = WorkoutApp.xcdatamodel; sourceTree = "<group>"; };
		32A293862B42073C00122166 /* Assets.xcassets */ = {isa = PBXFileReference; lastKnownFileType = folder.assetcatalog; path = Assets.xcassets; sourceTree = "<group>"; };
		32A293892B42073C00122166 /* Base */ = {isa = PBXFileReference; lastKnownFileType = file.storyboard; name = Base; path = Base.lproj/LaunchScreen.storyboard; sourceTree = "<group>"; };
		32A2938B2B42073C00122166 /* Info.plist */ = {isa = PBXFileReference; lastKnownFileType = text.plist.xml; path = Info.plist; sourceTree = "<group>"; };
		32A293962B4213D100122166 /* WorkoutTableViewCell.swift */ = {isa = PBXFileReference; lastKnownFileType = sourcecode.swift; path = WorkoutTableViewCell.swift; sourceTree = "<group>"; };
		32A81E3D2B45027800A5C8C2 /* AddWorkoutFooterView.swift */ = {isa = PBXFileReference; lastKnownFileType = sourcecode.swift; path = AddWorkoutFooterView.swift; sourceTree = "<group>"; };
		32B9D74D2B589A440027DE30 /* LogTableViewCell.swift */ = {isa = PBXFileReference; lastKnownFileType = sourcecode.swift; path = LogTableViewCell.swift; sourceTree = "<group>"; };
		32BF97682D1CB35B0004FA47 /* WorkoutViewController.swift */ = {isa = PBXFileReference; lastKnownFileType = sourcecode.swift; path = WorkoutViewController.swift; sourceTree = "<group>"; };
		32BF976A2D1CC39B0004FA47 /* LogViewController.swift */ = {isa = PBXFileReference; lastKnownFileType = sourcecode.swift; path = LogViewController.swift; sourceTree = "<group>"; };
		32BF976C2D1CC7070004FA47 /* ProgressViewController.swift */ = {isa = PBXFileReference; lastKnownFileType = sourcecode.swift; path = ProgressViewController.swift; sourceTree = "<group>"; };
		32BF976E2D1CD06A0004FA47 /* CoreDataStack.swift */ = {isa = PBXFileReference; lastKnownFileType = sourcecode.swift; path = CoreDataStack.swift; sourceTree = "<group>"; };
		32BF97702D1F80ED0004FA47 /* CreateWorkoutViewController.swift */ = {isa = PBXFileReference; lastKnownFileType = sourcecode.swift; path = CreateWorkoutViewController.swift; sourceTree = "<group>"; };
		32BF97842D20C71C0004FA47 /* TemplateExercise+CoreDataClass.swift */ = {isa = PBXFileReference; lastKnownFileType = sourcecode.swift; path = "TemplateExercise+CoreDataClass.swift"; sourceTree = "<group>"; };
		32BF97852D20C71C0004FA47 /* TemplateExercise+CoreDataProperties.swift */ = {isa = PBXFileReference; lastKnownFileType = sourcecode.swift; path = "TemplateExercise+CoreDataProperties.swift"; sourceTree = "<group>"; };
		32BF978C2D20C8F20004FA47 /* TemplateTitleTableViewCell.swift */ = {isa = PBXFileReference; lastKnownFileType = sourcecode.swift; path = TemplateTitleTableViewCell.swift; sourceTree = "<group>"; };
		32BF978E2D20CCA70004FA47 /* Template+CoreDataClass.swift */ = {isa = PBXFileReference; lastKnownFileType = sourcecode.swift; path = "Template+CoreDataClass.swift"; sourceTree = "<group>"; };
		32BF978F2D20CCA70004FA47 /* Template+CoreDataProperties.swift */ = {isa = PBXFileReference; lastKnownFileType = sourcecode.swift; path = "Template+CoreDataProperties.swift"; sourceTree = "<group>"; };
		32BF97922D20D25C0004FA47 /* TemplateExerciseTableViewCell.swift */ = {isa = PBXFileReference; lastKnownFileType = sourcecode.swift; path = TemplateExerciseTableViewCell.swift; sourceTree = "<group>"; };
		32BF97942D20DC460004FA47 /* AddTemplateExerciseTableViewCell.swift */ = {isa = PBXFileReference; lastKnownFileType = sourcecode.swift; path = AddTemplateExerciseTableViewCell.swift; sourceTree = "<group>"; };
		32BF97962D21D36E0004FA47 /* ExerciseDetailViewController.swift */ = {isa = PBXFileReference; lastKnownFileType = sourcecode.swift; path = ExerciseDetailViewController.swift; sourceTree = "<group>"; };
		32BF97982D2204D50004FA47 /* EditExerciseDetailViewController.swift */ = {isa = PBXFileReference; lastKnownFileType = sourcecode.swift; path = EditExerciseDetailViewController.swift; sourceTree = "<group>"; };
		32BF979A2D2205DD0004FA47 /* AddExerciseDetailViewController.swift */ = {isa = PBXFileReference; lastKnownFileType = sourcecode.swift; path = AddExerciseDetailViewController.swift; sourceTree = "<group>"; };
		32D8461D2B5F06260046F0D2 /* Workout+CoreDataClass.swift */ = {isa = PBXFileReference; lastKnownFileType = sourcecode.swift; path = "Workout+CoreDataClass.swift"; sourceTree = "<group>"; };
		32D8461E2B5F06260046F0D2 /* Workout+CoreDataProperties.swift */ = {isa = PBXFileReference; lastKnownFileType = sourcecode.swift; path = "Workout+CoreDataProperties.swift"; sourceTree = "<group>"; };
		32D8461F2B5F06260046F0D2 /* Exercise+CoreDataClass.swift */ = {isa = PBXFileReference; lastKnownFileType = sourcecode.swift; path = "Exercise+CoreDataClass.swift"; sourceTree = "<group>"; };
		32D846202B5F06260046F0D2 /* Exercise+CoreDataProperties.swift */ = {isa = PBXFileReference; lastKnownFileType = sourcecode.swift; path = "Exercise+CoreDataProperties.swift"; sourceTree = "<group>"; };
		32D846212B5F06260046F0D2 /* ExerciseSet+CoreDataClass.swift */ = {isa = PBXFileReference; lastKnownFileType = sourcecode.swift; path = "ExerciseSet+CoreDataClass.swift"; sourceTree = "<group>"; };
		32D846222B5F06260046F0D2 /* ExerciseSet+CoreDataProperties.swift */ = {isa = PBXFileReference; lastKnownFileType = sourcecode.swift; path = "ExerciseSet+CoreDataProperties.swift"; sourceTree = "<group>"; };
		32D846292B5F1EDB0046F0D2 /* ExercisesTableViewController.swift */ = {isa = PBXFileReference; lastKnownFileType = sourcecode.swift; path = ExercisesTableViewController.swift; sourceTree = "<group>"; };
		32D8462B2B6305CF0046F0D2 /* WorkoutService.swift */ = {isa = PBXFileReference; lastKnownFileType = sourcecode.swift; path = WorkoutService.swift; sourceTree = "<group>"; };
		32D8462D2B6C39130046F0D2 /* CalendarViewController.swift */ = {isa = PBXFileReference; lastKnownFileType = sourcecode.swift; path = CalendarViewController.swift; sourceTree = "<group>"; };
		32E051D82B7ED1FA0093EE4B /* ExerciseHeaderView.swift */ = {isa = PBXFileReference; lastKnownFileType = sourcecode.swift; path = ExerciseHeaderView.swift; sourceTree = "<group>"; };
		32E3A1952B894FC3001FD86B /* AccentColorTableViewController.swift */ = {isa = PBXFileReference; lastKnownFileType = sourcecode.swift; path = AccentColorTableViewController.swift; sourceTree = "<group>"; };
		32E3A1972B8C0865001FD86B /* PrivacyTableViewController.swift */ = {isa = PBXFileReference; lastKnownFileType = sourcecode.swift; path = PrivacyTableViewController.swift; sourceTree = "<group>"; };
/* End PBXFileReference section */

/* Begin PBXFrameworksBuildPhase section */
		32A293742B42073B00122166 /* Frameworks */ = {
			isa = PBXFrameworksBuildPhase;
			buildActionMask = 2147483647;
			files = (
			);
			runOnlyForDeploymentPostprocessing = 0;
		};
/* End PBXFrameworksBuildPhase section */

/* Begin PBXGroup section */
		32A2936E2B42073B00122166 = {
			isa = PBXGroup;
			children = (
				32A293792B42073B00122166 /* WorkoutApp */,
				32A293782B42073B00122166 /* Products */,
			);
			sourceTree = "<group>";
		};
		32A293782B42073B00122166 /* Products */ = {
			isa = PBXGroup;
			children = (
				32A293772B42073B00122166 /* BuiltDiff.app */,
			);
			name = Products;
			sourceTree = "<group>";
		};
		32A293792B42073B00122166 /* WorkoutApp */ = {
			isa = PBXGroup;
			children = (
				32A293912B42111600122166 /* Models */,
				32A293952B42138300122166 /* Views */,
				32A293942B42137900122166 /* ViewControllers */,
				32A2937A2B42073B00122166 /* AppDelegate.swift */,
				32A2937C2B42073B00122166 /* SceneDelegate.swift */,
				32A293862B42073C00122166 /* Assets.xcassets */,
				32A293882B42073C00122166 /* LaunchScreen.storyboard */,
				32A2938B2B42073C00122166 /* Info.plist */,
				32A293832B42073B00122166 /* BuiltDiff.xcdatamodeld */,
				32D8462B2B6305CF0046F0D2 /* WorkoutService.swift */,
				32721AA52B858BFC002C742B /* Settings.swift */,
				32BF976E2D1CD06A0004FA47 /* CoreDataStack.swift */,
			);
			path = WorkoutApp;
			sourceTree = "<group>";
		};
		32A293912B42111600122166 /* Models */ = {
			isa = PBXGroup;
			children = (
				32BF978E2D20CCA70004FA47 /* Template+CoreDataClass.swift */,
				32BF978F2D20CCA70004FA47 /* Template+CoreDataProperties.swift */,
				32BF97842D20C71C0004FA47 /* TemplateExercise+CoreDataClass.swift */,
				32BF97852D20C71C0004FA47 /* TemplateExercise+CoreDataProperties.swift */,
				32D8461D2B5F06260046F0D2 /* Workout+CoreDataClass.swift */,
				32D8461E2B5F06260046F0D2 /* Workout+CoreDataProperties.swift */,
				32D8461F2B5F06260046F0D2 /* Exercise+CoreDataClass.swift */,
				32D846202B5F06260046F0D2 /* Exercise+CoreDataProperties.swift */,
				32D846212B5F06260046F0D2 /* ExerciseSet+CoreDataClass.swift */,
				32D846222B5F06260046F0D2 /* ExerciseSet+CoreDataProperties.swift */,
			);
			path = Models;
			sourceTree = "<group>";
		};
		32A293942B42137900122166 /* ViewControllers */ = {
			isa = PBXGroup;
			children = (
				323148A52B50CAEA00F598A2 /* WorkoutDetailViewController.swift */,
				32D846292B5F1EDB0046F0D2 /* ExercisesTableViewController.swift */,
				32D8462D2B6C39130046F0D2 /* CalendarViewController.swift */,
				322040F62B83F03D004D7CB1 /* SettingsTableViewController.swift */,
				32E3A1942B894F9E001FD86B /* Settings */,
				32BF97682D1CB35B0004FA47 /* WorkoutViewController.swift */,
				32BF976A2D1CC39B0004FA47 /* LogViewController.swift */,
				32BF976C2D1CC7070004FA47 /* ProgressViewController.swift */,
				32BF97702D1F80ED0004FA47 /* CreateWorkoutViewController.swift */,
				32BF97962D21D36E0004FA47 /* ExerciseDetailViewController.swift */,
				32BF97982D2204D50004FA47 /* EditExerciseDetailViewController.swift */,
				32BF979A2D2205DD0004FA47 /* AddExerciseDetailViewController.swift */,
				323015CC2D25DA620055A040 /* StartWorkoutModel.swift */,
				323015CE2D25DB650055A040 /* LogWorkoutModel.swift */,
				323015D02D25EDFA0055A040 /* StartWorkoutViewController.swift */,
			);
			path = ViewControllers;
			sourceTree = "<group>";
		};
		32A293952B42138300122166 /* Views */ = {
			isa = PBXGroup;
			children = (
				32A293962B4213D100122166 /* WorkoutTableViewCell.swift */,
				32A81E3D2B45027800A5C8C2 /* AddWorkoutFooterView.swift */,
				323148BB2B50E4FB00F598A2 /* WorkoutDetailTableViewCell.swift */,
				323148BD2B51BF1A00F598A2 /* AddSetTableViewCell.swift */,
				32B9D74D2B589A440027DE30 /* LogTableViewCell.swift */,
				327268612B5A10D600FA6D04 /* LogSectionHeaderView.swift */,
				321F97042B740B5E00AB15B7 /* ProgressViewCell.swift */,
				325FC5D42B747E8C0023C02D /* EmptyLabel.swift */,
				324C37412B76EC7F0098B5E6 /* ProgressDetailView.swift */,
				32E051D82B7ED1FA0093EE4B /* ExerciseHeaderView.swift */,
				327DCA022B82DDDD0034139E /* TimerBarButton.swift */,
				322040F82B840B4F004D7CB1 /* SettingsTableViewCell.swift */,
				32BF978C2D20C8F20004FA47 /* TemplateTitleTableViewCell.swift */,
				32BF97922D20D25C0004FA47 /* TemplateExerciseTableViewCell.swift */,
				32BF97942D20DC460004FA47 /* AddTemplateExerciseTableViewCell.swift */,
			);
			path = Views;
			sourceTree = "<group>";
		};
		32E3A1942B894F9E001FD86B /* Settings */ = {
			isa = PBXGroup;
			children = (
				32721AA32B857669002C742B /* WeightTableViewController.swift */,
				325899792B88503D00C78FED /* ThemeTableViewController.swift */,
				32E3A1952B894FC3001FD86B /* AccentColorTableViewController.swift */,
				32E3A1972B8C0865001FD86B /* PrivacyTableViewController.swift */,
			);
			path = Settings;
			sourceTree = "<group>";
		};
/* End PBXGroup section */

/* Begin PBXNativeTarget section */
		32A293762B42073B00122166 /* BuiltDiff */ = {
			isa = PBXNativeTarget;
			buildConfigurationList = 32A2938E2B42073C00122166 /* Build configuration list for PBXNativeTarget "BuiltDiff" */;
			buildPhases = (
				32A293732B42073B00122166 /* Sources */,
				32A293742B42073B00122166 /* Frameworks */,
				32A293752B42073B00122166 /* Resources */,
			);
			buildRules = (
			);
			dependencies = (
			);
			name = BuiltDiff;
			productName = WorkoutApp;
			productReference = 32A293772B42073B00122166 /* BuiltDiff.app */;
			productType = "com.apple.product-type.application";
		};
/* End PBXNativeTarget section */

/* Begin PBXProject section */
		32A2936F2B42073B00122166 /* Project object */ = {
			isa = PBXProject;
			attributes = {
				BuildIndependentTargetsInParallel = 1;
				LastSwiftUpdateCheck = 1500;
				LastUpgradeCheck = 1500;
				TargetAttributes = {
					32A293762B42073B00122166 = {
						CreatedOnToolsVersion = 15.0.1;
					};
				};
			};
			buildConfigurationList = 32A293722B42073B00122166 /* Build configuration list for PBXProject "BuiltDiff" */;
			compatibilityVersion = "Xcode 14.0";
			developmentRegion = en;
			hasScannedForEncodings = 0;
			knownRegions = (
				en,
				Base,
			);
			mainGroup = 32A2936E2B42073B00122166;
			productRefGroup = 32A293782B42073B00122166 /* Products */;
			projectDirPath = "";
			projectRoot = "";
			targets = (
				32A293762B42073B00122166 /* BuiltDiff */,
			);
		};
/* End PBXProject section */

/* Begin PBXResourcesBuildPhase section */
		32A293752B42073B00122166 /* Resources */ = {
			isa = PBXResourcesBuildPhase;
			buildActionMask = 2147483647;
			files = (
				32A2938A2B42073C00122166 /* LaunchScreen.storyboard in Resources */,
				32A293872B42073C00122166 /* Assets.xcassets in Resources */,
			);
			runOnlyForDeploymentPostprocessing = 0;
		};
/* End PBXResourcesBuildPhase section */

/* Begin PBXSourcesBuildPhase section */
		32A293732B42073B00122166 /* Sources */ = {
			isa = PBXSourcesBuildPhase;
			buildActionMask = 2147483647;
			files = (
				32BF97902D20CCA70004FA47 /* Template+CoreDataClass.swift in Sources */,
				32BF97912D20CCA70004FA47 /* Template+CoreDataProperties.swift in Sources */,
				32BF976F2D1CD06A0004FA47 /* CoreDataStack.swift in Sources */,
				32BF97972D21D36E0004FA47 /* ExerciseDetailViewController.swift in Sources */,
				32721AA42B857669002C742B /* WeightTableViewController.swift in Sources */,
				32D8462E2B6C39130046F0D2 /* CalendarViewController.swift in Sources */,
				32BF97692D1CB35B0004FA47 /* WorkoutViewController.swift in Sources */,
				32BF976B2D1CC39B0004FA47 /* LogViewController.swift in Sources */,
				323148BC2B50E4FB00F598A2 /* WorkoutDetailTableViewCell.swift in Sources */,
				32D846272B5F06260046F0D2 /* ExerciseSet+CoreDataClass.swift in Sources */,
				32D8462C2B6305CF0046F0D2 /* WorkoutService.swift in Sources */,
				32E3A1962B894FC3001FD86B /* AccentColorTableViewController.swift in Sources */,
				323015CD2D25DA620055A040 /* StartWorkoutModel.swift in Sources */,
				323148BE2B51BF1A00F598A2 /* AddSetTableViewCell.swift in Sources */,
				323015CF2D25DB650055A040 /* LogWorkoutModel.swift in Sources */,
				32BF978D2D20C8F20004FA47 /* TemplateTitleTableViewCell.swift in Sources */,
				32D846242B5F06260046F0D2 /* Workout+CoreDataProperties.swift in Sources */,
				32BF976D2D1CC7070004FA47 /* ProgressViewController.swift in Sources */,
				323015D12D25EDFA0055A040 /* StartWorkoutViewController.swift in Sources */,
				32D846252B5F06260046F0D2 /* Exercise+CoreDataClass.swift in Sources */,
				32A81E3E2B45027800A5C8C2 /* AddWorkoutFooterView.swift in Sources */,
				322040F92B840B4F004D7CB1 /* SettingsTableViewCell.swift in Sources */,
				32D846232B5F06260046F0D2 /* Workout+CoreDataClass.swift in Sources */,
				32D846282B5F06260046F0D2 /* ExerciseSet+CoreDataProperties.swift in Sources */,
				321F97052B740B5E00AB15B7 /* ProgressViewCell.swift in Sources */,
				32BF97932D20D25C0004FA47 /* TemplateExerciseTableViewCell.swift in Sources */,
				322040F72B83F03D004D7CB1 /* SettingsTableViewController.swift in Sources */,
				32D8462A2B5F1EDB0046F0D2 /* ExercisesTableViewController.swift in Sources */,
				32BF97992D2204D50004FA47 /* EditExerciseDetailViewController.swift in Sources */,
				32BF97952D20DC460004FA47 /* AddTemplateExerciseTableViewCell.swift in Sources */,
				3258997A2B88503D00C78FED /* ThemeTableViewController.swift in Sources */,
				32A293972B4213D100122166 /* WorkoutTableViewCell.swift in Sources */,
				32BF97712D1F80ED0004FA47 /* CreateWorkoutViewController.swift in Sources */,
				324C37422B76EC7F0098B5E6 /* ProgressDetailView.swift in Sources */,
				32A2937B2B42073B00122166 /* AppDelegate.swift in Sources */,
				32BF97882D20C71C0004FA47 /* TemplateExercise+CoreDataClass.swift in Sources */,
				32BF97892D20C71C0004FA47 /* TemplateExercise+CoreDataProperties.swift in Sources */,
				32B9D74E2B589A440027DE30 /* LogTableViewCell.swift in Sources */,
				32A2937D2B42073B00122166 /* SceneDelegate.swift in Sources */,
				32E3A1982B8C0865001FD86B /* PrivacyTableViewController.swift in Sources */,
				323148A62B50CAEA00F598A2 /* WorkoutDetailViewController.swift in Sources */,
				32E051D92B7ED1FA0093EE4B /* ExerciseHeaderView.swift in Sources */,
				32BF979B2D2205DD0004FA47 /* AddExerciseDetailViewController.swift in Sources */,
				32721AA62B858BFC002C742B /* Settings.swift in Sources */,
				32D846262B5F06260046F0D2 /* Exercise+CoreDataProperties.swift in Sources */,
				327268622B5A10D600FA6D04 /* LogSectionHeaderView.swift in Sources */,
				327DCA032B82DDDD0034139E /* TimerBarButton.swift in Sources */,
				32A293852B42073B00122166 /* BuiltDiff.xcdatamodeld in Sources */,
				325FC5D52B747E8C0023C02D /* EmptyLabel.swift in Sources */,
			);
			runOnlyForDeploymentPostprocessing = 0;
		};
/* End PBXSourcesBuildPhase section */

/* Begin PBXVariantGroup section */
		32A293882B42073C00122166 /* LaunchScreen.storyboard */ = {
			isa = PBXVariantGroup;
			children = (
				32A293892B42073C00122166 /* Base */,
			);
			name = LaunchScreen.storyboard;
			sourceTree = "<group>";
		};
/* End PBXVariantGroup section */

/* Begin XCBuildConfiguration section */
		32A2938C2B42073C00122166 /* Debug */ = {
			isa = XCBuildConfiguration;
			buildSettings = {
				ALWAYS_SEARCH_USER_PATHS = NO;
				ASSETCATALOG_COMPILER_GENERATE_SWIFT_ASSET_SYMBOL_EXTENSIONS = YES;
				CLANG_ANALYZER_NONNULL = YES;
				CLANG_ANALYZER_NUMBER_OBJECT_CONVERSION = YES_AGGRESSIVE;
				CLANG_CXX_LANGUAGE_STANDARD = "gnu++20";
				CLANG_ENABLE_MODULES = YES;
				CLANG_ENABLE_OBJC_ARC = YES;
				CLANG_ENABLE_OBJC_WEAK = YES;
				CLANG_WARN_BLOCK_CAPTURE_AUTORELEASING = YES;
				CLANG_WARN_BOOL_CONVERSION = YES;
				CLANG_WARN_COMMA = YES;
				CLANG_WARN_CONSTANT_CONVERSION = YES;
				CLANG_WARN_DEPRECATED_OBJC_IMPLEMENTATIONS = YES;
				CLANG_WARN_DIRECT_OBJC_ISA_USAGE = YES_ERROR;
				CLANG_WARN_DOCUMENTATION_COMMENTS = YES;
				CLANG_WARN_EMPTY_BODY = YES;
				CLANG_WARN_ENUM_CONVERSION = YES;
				CLANG_WARN_INFINITE_RECURSION = YES;
				CLANG_WARN_INT_CONVERSION = YES;
				CLANG_WARN_NON_LITERAL_NULL_CONVERSION = YES;
				CLANG_WARN_OBJC_IMPLICIT_RETAIN_SELF = YES;
				CLANG_WARN_OBJC_LITERAL_CONVERSION = YES;
				CLANG_WARN_OBJC_ROOT_CLASS = YES_ERROR;
				CLANG_WARN_QUOTED_INCLUDE_IN_FRAMEWORK_HEADER = YES;
				CLANG_WARN_RANGE_LOOP_ANALYSIS = YES;
				CLANG_WARN_STRICT_PROTOTYPES = YES;
				CLANG_WARN_SUSPICIOUS_MOVE = YES;
				CLANG_WARN_UNGUARDED_AVAILABILITY = YES_AGGRESSIVE;
				CLANG_WARN_UNREACHABLE_CODE = YES;
				CLANG_WARN__DUPLICATE_METHOD_MATCH = YES;
				COPY_PHASE_STRIP = NO;
				DEBUG_INFORMATION_FORMAT = dwarf;
				ENABLE_STRICT_OBJC_MSGSEND = YES;
				ENABLE_TESTABILITY = YES;
				ENABLE_USER_SCRIPT_SANDBOXING = YES;
				GCC_C_LANGUAGE_STANDARD = gnu17;
				GCC_DYNAMIC_NO_PIC = NO;
				GCC_NO_COMMON_BLOCKS = YES;
				GCC_OPTIMIZATION_LEVEL = 0;
				GCC_PREPROCESSOR_DEFINITIONS = (
					"DEBUG=1",
					"$(inherited)",
				);
				GCC_WARN_64_TO_32_BIT_CONVERSION = YES;
				GCC_WARN_ABOUT_RETURN_TYPE = YES_ERROR;
				GCC_WARN_UNDECLARED_SELECTOR = YES;
				GCC_WARN_UNINITIALIZED_AUTOS = YES_AGGRESSIVE;
				GCC_WARN_UNUSED_FUNCTION = YES;
				GCC_WARN_UNUSED_VARIABLE = YES;
				IPHONEOS_DEPLOYMENT_TARGET = 17.0;
				LOCALIZATION_PREFERS_STRING_CATALOGS = YES;
				MTL_ENABLE_DEBUG_INFO = INCLUDE_SOURCE;
				MTL_FAST_MATH = YES;
				ONLY_ACTIVE_ARCH = YES;
				SDKROOT = iphoneos;
				SWIFT_ACTIVE_COMPILATION_CONDITIONS = "DEBUG $(inherited)";
				SWIFT_OPTIMIZATION_LEVEL = "-Onone";
			};
			name = Debug;
		};
		32A2938D2B42073C00122166 /* Release */ = {
			isa = XCBuildConfiguration;
			buildSettings = {
				ALWAYS_SEARCH_USER_PATHS = NO;
				ASSETCATALOG_COMPILER_GENERATE_SWIFT_ASSET_SYMBOL_EXTENSIONS = YES;
				CLANG_ANALYZER_NONNULL = YES;
				CLANG_ANALYZER_NUMBER_OBJECT_CONVERSION = YES_AGGRESSIVE;
				CLANG_CXX_LANGUAGE_STANDARD = "gnu++20";
				CLANG_ENABLE_MODULES = YES;
				CLANG_ENABLE_OBJC_ARC = YES;
				CLANG_ENABLE_OBJC_WEAK = YES;
				CLANG_WARN_BLOCK_CAPTURE_AUTORELEASING = YES;
				CLANG_WARN_BOOL_CONVERSION = YES;
				CLANG_WARN_COMMA = YES;
				CLANG_WARN_CONSTANT_CONVERSION = YES;
				CLANG_WARN_DEPRECATED_OBJC_IMPLEMENTATIONS = YES;
				CLANG_WARN_DIRECT_OBJC_ISA_USAGE = YES_ERROR;
				CLANG_WARN_DOCUMENTATION_COMMENTS = YES;
				CLANG_WARN_EMPTY_BODY = YES;
				CLANG_WARN_ENUM_CONVERSION = YES;
				CLANG_WARN_INFINITE_RECURSION = YES;
				CLANG_WARN_INT_CONVERSION = YES;
				CLANG_WARN_NON_LITERAL_NULL_CONVERSION = YES;
				CLANG_WARN_OBJC_IMPLICIT_RETAIN_SELF = YES;
				CLANG_WARN_OBJC_LITERAL_CONVERSION = YES;
				CLANG_WARN_OBJC_ROOT_CLASS = YES_ERROR;
				CLANG_WARN_QUOTED_INCLUDE_IN_FRAMEWORK_HEADER = YES;
				CLANG_WARN_RANGE_LOOP_ANALYSIS = YES;
				CLANG_WARN_STRICT_PROTOTYPES = YES;
				CLANG_WARN_SUSPICIOUS_MOVE = YES;
				CLANG_WARN_UNGUARDED_AVAILABILITY = YES_AGGRESSIVE;
				CLANG_WARN_UNREACHABLE_CODE = YES;
				CLANG_WARN__DUPLICATE_METHOD_MATCH = YES;
				COPY_PHASE_STRIP = NO;
				DEBUG_INFORMATION_FORMAT = "dwarf-with-dsym";
				ENABLE_NS_ASSERTIONS = NO;
				ENABLE_STRICT_OBJC_MSGSEND = YES;
				ENABLE_USER_SCRIPT_SANDBOXING = YES;
				GCC_C_LANGUAGE_STANDARD = gnu17;
				GCC_NO_COMMON_BLOCKS = YES;
				GCC_WARN_64_TO_32_BIT_CONVERSION = YES;
				GCC_WARN_ABOUT_RETURN_TYPE = YES_ERROR;
				GCC_WARN_UNDECLARED_SELECTOR = YES;
				GCC_WARN_UNINITIALIZED_AUTOS = YES_AGGRESSIVE;
				GCC_WARN_UNUSED_FUNCTION = YES;
				GCC_WARN_UNUSED_VARIABLE = YES;
				IPHONEOS_DEPLOYMENT_TARGET = 17.0;
				LOCALIZATION_PREFERS_STRING_CATALOGS = YES;
				MTL_ENABLE_DEBUG_INFO = NO;
				MTL_FAST_MATH = YES;
				SDKROOT = iphoneos;
				SWIFT_COMPILATION_MODE = wholemodule;
				VALIDATE_PRODUCT = YES;
			};
			name = Release;
		};
		32A2938F2B42073C00122166 /* Debug */ = {
			isa = XCBuildConfiguration;
			buildSettings = {
				ASSETCATALOG_COMPILER_APPICON_NAME = AppIcon;
				ASSETCATALOG_COMPILER_GLOBAL_ACCENT_COLOR_NAME = AccentColor;
				CODE_SIGN_STYLE = Automatic;
				CURRENT_PROJECT_VERSION = 1;
				DEVELOPMENT_TEAM = 8KHAQ7W8KV;
				GENERATE_INFOPLIST_FILE = YES;
				INFOPLIST_FILE = WorkoutApp/Info.plist;
				INFOPLIST_KEY_CFBundleDisplayName = BuiltDiff;
				INFOPLIST_KEY_UIApplicationSupportsIndirectInputEvents = YES;
				INFOPLIST_KEY_UILaunchStoryboardName = LaunchScreen;
				INFOPLIST_KEY_UISupportedInterfaceOrientations_iPad = "UIInterfaceOrientationPortrait UIInterfaceOrientationPortraitUpsideDown UIInterfaceOrientationLandscapeLeft UIInterfaceOrientationLandscapeRight";
				INFOPLIST_KEY_UISupportedInterfaceOrientations_iPhone = "UIInterfaceOrientationPortrait UIInterfaceOrientationLandscapeLeft UIInterfaceOrientationLandscapeRight";
				IPHONEOS_DEPLOYMENT_TARGET = 17.0;
				LD_RUNPATH_SEARCH_PATHS = (
					"$(inherited)",
					"@executable_path/Frameworks",
				);
				MARKETING_VERSION = 1.3;
				PRODUCT_BUNDLE_IDENTIFIER = com.example.builtdiff;
				PRODUCT_NAME = "$(TARGET_NAME)";
				SWIFT_EMIT_LOC_STRINGS = YES;
				SWIFT_VERSION = 5.0;
				TARGETED_DEVICE_FAMILY = "1,2";
			};
			name = Debug;
		};
		32A293902B42073C00122166 /* Release */ = {
			isa = XCBuildConfiguration;
			buildSettings = {
				ASSETCATALOG_COMPILER_APPICON_NAME = AppIcon;
				ASSETCATALOG_COMPILER_GLOBAL_ACCENT_COLOR_NAME = AccentColor;
				CODE_SIGN_STYLE = Automatic;
				CURRENT_PROJECT_VERSION = 1;
				DEVELOPMENT_TEAM = 8KHAQ7W8KV;
				GENERATE_INFOPLIST_FILE = YES;
				INFOPLIST_FILE = WorkoutApp/Info.plist;
				INFOPLIST_KEY_CFBundleDisplayName = BuiltDiff;
				INFOPLIST_KEY_UIApplicationSupportsIndirectInputEvents = YES;
				INFOPLIST_KEY_UILaunchStoryboardName = LaunchScreen;
				INFOPLIST_KEY_UISupportedInterfaceOrientations_iPad = "UIInterfaceOrientationPortrait UIInterfaceOrientationPortraitUpsideDown UIInterfaceOrientationLandscapeLeft UIInterfaceOrientationLandscapeRight";
				INFOPLIST_KEY_UISupportedInterfaceOrientations_iPhone = "UIInterfaceOrientationPortrait UIInterfaceOrientationLandscapeLeft UIInterfaceOrientationLandscapeRight";
				IPHONEOS_DEPLOYMENT_TARGET = 17.0;
				LD_RUNPATH_SEARCH_PATHS = (
					"$(inherited)",
					"@executable_path/Frameworks",
				);
				MARKETING_VERSION = 1.3;
				PRODUCT_BUNDLE_IDENTIFIER = com.example.builtdiff;
				PRODUCT_NAME = "$(TARGET_NAME)";
				SWIFT_EMIT_LOC_STRINGS = YES;
				SWIFT_VERSION = 5.0;
				TARGETED_DEVICE_FAMILY = "1,2";
			};
			name = Release;
		};
/* End XCBuildConfiguration section */

/* Begin XCConfigurationList section */
		32A293722B42073B00122166 /* Build configuration list for PBXProject "BuiltDiff" */ = {
			isa = XCConfigurationList;
			buildConfigurations = (
				32A2938C2B42073C00122166 /* Debug */,
				32A2938D2B42073C00122166 /* Release */,
			);
			defaultConfigurationIsVisible = 0;
			defaultConfigurationName = Release;
		};
		32A2938E2B42073C00122166 /* Build configuration list for PBXNativeTarget "BuiltDiff" */ = {
			isa = XCConfigurationList;
			buildConfigurations = (
				32A2938F2B42073C00122166 /* Debug */,
				32A293902B42073C00122166 /* Release */,
			);
			defaultConfigurationIsVisible = 0;
			defaultConfigurationName = Release;
		};
/* End XCConfigurationList section */

/* Begin XCVersionGroup section */
		32A293832B42073B00122166 /* BuiltDiff.xcdatamodeld */ = {
			isa = XCVersionGroup;
			children = (
				32A293842B42073B00122166 /* WorkoutApp.xcdatamodel */,
			);
			currentVersion = 32A293842B42073B00122166 /* WorkoutApp.xcdatamodel */;
			path = BuiltDiff.xcdatamodeld;
			sourceTree = "<group>";
			versionGroupType = wrapper.xcdatamodel;
		};
/* End XCVersionGroup section */
	};
	rootObject = 32A2936F2B42073B00122166 /* Project object */;
}
