// !$*UTF8*$!
{
	archiveVersion = 1;
	classes = {
	};
	objectVersion = 56;
	objects = {

/* Begin PBXBuildFile section */
		323148A62B50CAEA00F598A2 /* WorkoutDetailTableViewController.swift in Sources */ = {isa = PBXBuildFile; fileRef = 323148A52B50CAEA00F598A2 /* WorkoutDetailTableViewController.swift */; };
		323148BC2B50E4FB00F598A2 /* WorkoutDetailTableViewCell.swift in Sources */ = {isa = PBXBuildFile; fileRef = 323148BB2B50E4FB00F598A2 /* WorkoutDetailTableViewCell.swift */; };
		323148BE2B51BF1A00F598A2 /* AddItemTableViewCell.swift in Sources */ = {isa = PBXBuildFile; fileRef = 323148BD2B51BF1A00F598A2 /* AddItemTableViewCell.swift */; };
		327268622B5A10D600FA6D04 /* LogSectionHeaderView.swift in Sources */ = {isa = PBXBuildFile; fileRef = 327268612B5A10D600FA6D04 /* LogSectionHeaderView.swift */; };
		32A2937B2B42073B00122166 /* AppDelegate.swift in Sources */ = {isa = PBXBuildFile; fileRef = 32A2937A2B42073B00122166 /* AppDelegate.swift */; };
		32A2937D2B42073B00122166 /* SceneDelegate.swift in Sources */ = {isa = PBXBuildFile; fileRef = 32A2937C2B42073B00122166 /* SceneDelegate.swift */; };
		32A2937F2B42073B00122166 /* WorkoutTableViewController.swift in Sources */ = {isa = PBXBuildFile; fileRef = 32A2937E2B42073B00122166 /* WorkoutTableViewController.swift */; };
		32A293852B42073B00122166 /* WorkoutApp.xcdatamodeld in Sources */ = {isa = PBXBuildFile; fileRef = 32A293832B42073B00122166 /* WorkoutApp.xcdatamodeld */; };
		32A293872B42073C00122166 /* Assets.xcassets in Resources */ = {isa = PBXBuildFile; fileRef = 32A293862B42073C00122166 /* Assets.xcassets */; };
		32A2938A2B42073C00122166 /* LaunchScreen.storyboard in Resources */ = {isa = PBXBuildFile; fileRef = 32A293882B42073C00122166 /* LaunchScreen.storyboard */; };
		32A293972B4213D100122166 /* WorkoutTableViewCell.swift in Sources */ = {isa = PBXBuildFile; fileRef = 32A293962B4213D100122166 /* WorkoutTableViewCell.swift */; };
		32A293992B43C8AF00122166 /* AddWorkoutTableViewController.swift in Sources */ = {isa = PBXBuildFile; fileRef = 32A293982B43C8AF00122166 /* AddWorkoutTableViewController.swift */; };
		32A2939B2B43CCF900122166 /* WorkoutTitleTableViewCell.swift in Sources */ = {isa = PBXBuildFile; fileRef = 32A2939A2B43CCF900122166 /* WorkoutTitleTableViewCell.swift */; };
		32A81E3E2B45027800A5C8C2 /* AddWorkoutFooterView.swift in Sources */ = {isa = PBXBuildFile; fileRef = 32A81E3D2B45027800A5C8C2 /* AddWorkoutFooterView.swift */; };
		32AA4E1F2B43D9AC00135DED /* AddExerciseTableViewCell.swift in Sources */ = {isa = PBXBuildFile; fileRef = 32AA4E1E2B43D9AC00135DED /* AddExerciseTableViewCell.swift */; };
		32B9D74C2B588A9E0027DE30 /* LogTableViewController.swift in Sources */ = {isa = PBXBuildFile; fileRef = 32B9D74B2B588A9E0027DE30 /* LogTableViewController.swift */; };
		32B9D74E2B589A440027DE30 /* LogTableViewCell.swift in Sources */ = {isa = PBXBuildFile; fileRef = 32B9D74D2B589A440027DE30 /* LogTableViewCell.swift */; };
		32D846232B5F06260046F0D2 /* Workout+CoreDataClass.swift in Sources */ = {isa = PBXBuildFile; fileRef = 32D8461D2B5F06260046F0D2 /* Workout+CoreDataClass.swift */; };
		32D846242B5F06260046F0D2 /* Workout+CoreDataProperties.swift in Sources */ = {isa = PBXBuildFile; fileRef = 32D8461E2B5F06260046F0D2 /* Workout+CoreDataProperties.swift */; };
		32D846252B5F06260046F0D2 /* Exercise+CoreDataClass.swift in Sources */ = {isa = PBXBuildFile; fileRef = 32D8461F2B5F06260046F0D2 /* Exercise+CoreDataClass.swift */; };
		32D846262B5F06260046F0D2 /* Exercise+CoreDataProperties.swift in Sources */ = {isa = PBXBuildFile; fileRef = 32D846202B5F06260046F0D2 /* Exercise+CoreDataProperties.swift */; };
		32D846272B5F06260046F0D2 /* ExerciseSet+CoreDataClass.swift in Sources */ = {isa = PBXBuildFile; fileRef = 32D846212B5F06260046F0D2 /* ExerciseSet+CoreDataClass.swift */; };
		32D846282B5F06260046F0D2 /* ExerciseSet+CoreDataProperties.swift in Sources */ = {isa = PBXBuildFile; fileRef = 32D846222B5F06260046F0D2 /* ExerciseSet+CoreDataProperties.swift */; };
		32D8462A2B5F1EDB0046F0D2 /* ExercisesTableViewController.swift in Sources */ = {isa = PBXBuildFile; fileRef = 32D846292B5F1EDB0046F0D2 /* ExercisesTableViewController.swift */; };
		32D8462C2B6305CF0046F0D2 /* WorkoutService.swift in Sources */ = {isa = PBXBuildFile; fileRef = 32D8462B2B6305CF0046F0D2 /* WorkoutService.swift */; };
		32D8462E2B6C39130046F0D2 /* CalendarViewController.swift in Sources */ = {isa = PBXBuildFile; fileRef = 32D8462D2B6C39130046F0D2 /* CalendarViewController.swift */; };
/* End PBXBuildFile section */

/* Begin PBXFileReference section */
		323148A52B50CAEA00F598A2 /* WorkoutDetailTableViewController.swift */ = {isa = PBXFileReference; lastKnownFileType = sourcecode.swift; path = WorkoutDetailTableViewController.swift; sourceTree = "<group>"; };
		323148BB2B50E4FB00F598A2 /* WorkoutDetailTableViewCell.swift */ = {isa = PBXFileReference; lastKnownFileType = sourcecode.swift; path = WorkoutDetailTableViewCell.swift; sourceTree = "<group>"; };
		323148BD2B51BF1A00F598A2 /* AddItemTableViewCell.swift */ = {isa = PBXFileReference; lastKnownFileType = sourcecode.swift; path = AddItemTableViewCell.swift; sourceTree = "<group>"; };
		327268612B5A10D600FA6D04 /* LogSectionHeaderView.swift */ = {isa = PBXFileReference; lastKnownFileType = sourcecode.swift; path = LogSectionHeaderView.swift; sourceTree = "<group>"; };
		32A293772B42073B00122166 /* WorkoutApp.app */ = {isa = PBXFileReference; explicitFileType = wrapper.application; includeInIndex = 0; path = WorkoutApp.app; sourceTree = BUILT_PRODUCTS_DIR; };
		32A2937A2B42073B00122166 /* AppDelegate.swift */ = {isa = PBXFileReference; lastKnownFileType = sourcecode.swift; path = AppDelegate.swift; sourceTree = "<group>"; };
		32A2937C2B42073B00122166 /* SceneDelegate.swift */ = {isa = PBXFileReference; lastKnownFileType = sourcecode.swift; path = SceneDelegate.swift; sourceTree = "<group>"; };
		32A2937E2B42073B00122166 /* WorkoutTableViewController.swift */ = {isa = PBXFileReference; lastKnownFileType = sourcecode.swift; path = WorkoutTableViewController.swift; sourceTree = "<group>"; };
		32A293842B42073B00122166 /* WorkoutApp.xcdatamodel */ = {isa = PBXFileReference; lastKnownFileType = wrapper.xcdatamodel; path = WorkoutApp.xcdatamodel; sourceTree = "<group>"; };
		32A293862B42073C00122166 /* Assets.xcassets */ = {isa = PBXFileReference; lastKnownFileType = folder.assetcatalog; path = Assets.xcassets; sourceTree = "<group>"; };
		32A293892B42073C00122166 /* Base */ = {isa = PBXFileReference; lastKnownFileType = file.storyboard; name = Base; path = Base.lproj/LaunchScreen.storyboard; sourceTree = "<group>"; };
		32A2938B2B42073C00122166 /* Info.plist */ = {isa = PBXFileReference; lastKnownFileType = text.plist.xml; path = Info.plist; sourceTree = "<group>"; };
		32A293962B4213D100122166 /* WorkoutTableViewCell.swift */ = {isa = PBXFileReference; lastKnownFileType = sourcecode.swift; path = WorkoutTableViewCell.swift; sourceTree = "<group>"; };
		32A293982B43C8AF00122166 /* AddWorkoutTableViewController.swift */ = {isa = PBXFileReference; lastKnownFileType = sourcecode.swift; path = AddWorkoutTableViewController.swift; sourceTree = "<group>"; };
		32A2939A2B43CCF900122166 /* WorkoutTitleTableViewCell.swift */ = {isa = PBXFileReference; lastKnownFileType = sourcecode.swift; path = WorkoutTitleTableViewCell.swift; sourceTree = "<group>"; };
		32A81E3D2B45027800A5C8C2 /* AddWorkoutFooterView.swift */ = {isa = PBXFileReference; lastKnownFileType = sourcecode.swift; path = AddWorkoutFooterView.swift; sourceTree = "<group>"; };
		32AA4E1E2B43D9AC00135DED /* AddExerciseTableViewCell.swift */ = {isa = PBXFileReference; lastKnownFileType = sourcecode.swift; path = AddExerciseTableViewCell.swift; sourceTree = "<group>"; };
		32B9D74B2B588A9E0027DE30 /* LogTableViewController.swift */ = {isa = PBXFileReference; lastKnownFileType = sourcecode.swift; path = LogTableViewController.swift; sourceTree = "<group>"; };
		32B9D74D2B589A440027DE30 /* LogTableViewCell.swift */ = {isa = PBXFileReference; lastKnownFileType = sourcecode.swift; path = LogTableViewCell.swift; sourceTree = "<group>"; };
		32D8461D2B5F06260046F0D2 /* Workout+CoreDataClass.swift */ = {isa = PBXFileReference; lastKnownFileType = sourcecode.swift; path = "Workout+CoreDataClass.swift"; sourceTree = "<group>"; };
		32D8461E2B5F06260046F0D2 /* Workout+CoreDataProperties.swift */ = {isa = PBXFileReference; lastKnownFileType = sourcecode.swift; path = "Workout+CoreDataProperties.swift"; sourceTree = "<group>"; };
		32D8461F2B5F06260046F0D2 /* Exercise+CoreDataClass.swift */ = {isa = PBXFileReference; lastKnownFileType = sourcecode.swift; path = "Exercise+CoreDataClass.swift"; sourceTree = "<group>"; };
		32D846202B5F06260046F0D2 /* Exercise+CoreDataProperties.swift */ = {isa = PBXFileReference; lastKnownFileType = sourcecode.swift; path = "Exercise+CoreDataProperties.swift"; sourceTree = "<group>"; };
		32D846212B5F06260046F0D2 /* ExerciseSet+CoreDataClass.swift */ = {isa = PBXFileReference; lastKnownFileType = sourcecode.swift; path = "ExerciseSet+CoreDataClass.swift"; sourceTree = "<group>"; };
		32D846222B5F06260046F0D2 /* ExerciseSet+CoreDataProperties.swift */ = {isa = PBXFileReference; lastKnownFileType = sourcecode.swift; path = "ExerciseSet+CoreDataProperties.swift"; sourceTree = "<group>"; };
		32D846292B5F1EDB0046F0D2 /* ExercisesTableViewController.swift */ = {isa = PBXFileReference; lastKnownFileType = sourcecode.swift; path = ExercisesTableViewController.swift; sourceTree = "<group>"; };
		32D8462B2B6305CF0046F0D2 /* WorkoutService.swift */ = {isa = PBXFileReference; lastKnownFileType = sourcecode.swift; path = WorkoutService.swift; sourceTree = "<group>"; };
		32D8462D2B6C39130046F0D2 /* CalendarViewController.swift */ = {isa = PBXFileReference; lastKnownFileType = sourcecode.swift; path = CalendarViewController.swift; sourceTree = "<group>"; };
/* End PBXFileReference section */

/* Begin PBXFrameworksBuildPhase section */
		32A293742B42073B00122166 /* Frameworks */ = {
			isa = PBXFrameworksBuildPhase;
			buildActionMask = 2147483647;
			files = (
			);
			runOnlyForDeploymentPostprocessing = 0;
		};
/* End PBXFrameworksBuildPhase section */

/* Begin PBXGroup section */
		32A2936E2B42073B00122166 = {
			isa = PBXGroup;
			children = (
				32A293792B42073B00122166 /* WorkoutApp */,
				32A293782B42073B00122166 /* Products */,
			);
			sourceTree = "<group>";
		};
		32A293782B42073B00122166 /* Products */ = {
			isa = PBXGroup;
			children = (
				32A293772B42073B00122166 /* WorkoutApp.app */,
			);
			name = Products;
			sourceTree = "<group>";
		};
		32A293792B42073B00122166 /* WorkoutApp */ = {
			isa = PBXGroup;
			children = (
				32A293912B42111600122166 /* Models */,
				32A293952B42138300122166 /* Views */,
				32A293942B42137900122166 /* ViewControllers */,
				32A2937A2B42073B00122166 /* AppDelegate.swift */,
				32A2937C2B42073B00122166 /* SceneDelegate.swift */,
				32A293862B42073C00122166 /* Assets.xcassets */,
				32A293882B42073C00122166 /* LaunchScreen.storyboard */,
				32A2938B2B42073C00122166 /* Info.plist */,
				32A293832B42073B00122166 /* WorkoutApp.xcdatamodeld */,
				32D8462B2B6305CF0046F0D2 /* WorkoutService.swift */,
			);
			path = WorkoutApp;
			sourceTree = "<group>";
		};
		32A293912B42111600122166 /* Models */ = {
			isa = PBXGroup;
			children = (
				32D8461D2B5F06260046F0D2 /* Workout+CoreDataClass.swift */,
				32D8461E2B5F06260046F0D2 /* Workout+CoreDataProperties.swift */,
				32D8461F2B5F06260046F0D2 /* Exercise+CoreDataClass.swift */,
				32D846202B5F06260046F0D2 /* Exercise+CoreDataProperties.swift */,
				32D846212B5F06260046F0D2 /* ExerciseSet+CoreDataClass.swift */,
				32D846222B5F06260046F0D2 /* ExerciseSet+CoreDataProperties.swift */,
			);
			path = Models;
			sourceTree = "<group>";
		};
		32A293942B42137900122166 /* ViewControllers */ = {
			isa = PBXGroup;
			children = (
				32A2937E2B42073B00122166 /* WorkoutTableViewController.swift */,
				32A293982B43C8AF00122166 /* AddWorkoutTableViewController.swift */,
				323148A52B50CAEA00F598A2 /* WorkoutDetailTableViewController.swift */,
				32B9D74B2B588A9E0027DE30 /* LogTableViewController.swift */,
				32D846292B5F1EDB0046F0D2 /* ExercisesTableViewController.swift */,
				32D8462D2B6C39130046F0D2 /* CalendarViewController.swift */,
			);
			path = ViewControllers;
			sourceTree = "<group>";
		};
		32A293952B42138300122166 /* Views */ = {
			isa = PBXGroup;
			children = (
				32A293962B4213D100122166 /* WorkoutTableViewCell.swift */,
				32A2939A2B43CCF900122166 /* WorkoutTitleTableViewCell.swift */,
				32AA4E1E2B43D9AC00135DED /* AddExerciseTableViewCell.swift */,
				32A81E3D2B45027800A5C8C2 /* AddWorkoutFooterView.swift */,
				323148BB2B50E4FB00F598A2 /* WorkoutDetailTableViewCell.swift */,
				323148BD2B51BF1A00F598A2 /* AddItemTableViewCell.swift */,
				32B9D74D2B589A440027DE30 /* LogTableViewCell.swift */,
				327268612B5A10D600FA6D04 /* LogSectionHeaderView.swift */,
			);
			path = Views;
			sourceTree = "<group>";
		};
/* End PBXGroup section */

/* Begin PBXNativeTarget section */
		32A293762B42073B00122166 /* WorkoutApp */ = {
			isa = PBXNativeTarget;
			buildConfigurationList = 32A2938E2B42073C00122166 /* Build configuration list for PBXNativeTarget "WorkoutApp" */;
			buildPhases = (
				32A293732B42073B00122166 /* Sources */,
				32A293742B42073B00122166 /* Frameworks */,
				32A293752B42073B00122166 /* Resources */,
			);
			buildRules = (
			);
			dependencies = (
			);
			name = WorkoutApp;
			productName = WorkoutApp;
			productReference = 32A293772B42073B00122166 /* WorkoutApp.app */;
			productType = "com.apple.product-type.application";
		};
/* End PBXNativeTarget section */

/* Begin PBXProject section */
		32A2936F2B42073B00122166 /* Project object */ = {
			isa = PBXProject;
			attributes = {
				BuildIndependentTargetsInParallel = 1;
				LastSwiftUpdateCheck = 1500;
				LastUpgradeCheck = 1500;
				TargetAttributes = {
					32A293762B42073B00122166 = {
						CreatedOnToolsVersion = 15.0.1;
					};
				};
			};
			buildConfigurationList = 32A293722B42073B00122166 /* Build configuration list for PBXProject "WorkoutApp" */;
			compatibilityVersion = "Xcode 14.0";
			developmentRegion = en;
			hasScannedForEncodings = 0;
			knownRegions = (
				en,
				Base,
			);
			mainGroup = 32A2936E2B42073B00122166;
			productRefGroup = 32A293782B42073B00122166 /* Products */;
			projectDirPath = "";
			projectRoot = "";
			targets = (
				32A293762B42073B00122166 /* WorkoutApp */,
			);
		};
/* End PBXProject section */

/* Begin PBXResourcesBuildPhase section */
		32A293752B42073B00122166 /* Resources */ = {
			isa = PBXResourcesBuildPhase;
			buildActionMask = 2147483647;
			files = (
				32A2938A2B42073C00122166 /* LaunchScreen.storyboard in Resources */,
				32A293872B42073C00122166 /* Assets.xcassets in Resources */,
			);
			runOnlyForDeploymentPostprocessing = 0;
		};
/* End PBXResourcesBuildPhase section */

/* Begin PBXSourcesBuildPhase section */
		32A293732B42073B00122166 /* Sources */ = {
			isa = PBXSourcesBuildPhase;
			buildActionMask = 2147483647;
			files = (
				32D8462E2B6C39130046F0D2 /* CalendarViewController.swift in Sources */,
				323148BC2B50E4FB00F598A2 /* WorkoutDetailTableViewCell.swift in Sources */,
				32A293992B43C8AF00122166 /* AddWorkoutTableViewController.swift in Sources */,
				32D846272B5F06260046F0D2 /* ExerciseSet+CoreDataClass.swift in Sources */,
				32AA4E1F2B43D9AC00135DED /* AddExerciseTableViewCell.swift in Sources */,
				32D8462C2B6305CF0046F0D2 /* WorkoutService.swift in Sources */,
				323148BE2B51BF1A00F598A2 /* AddItemTableViewCell.swift in Sources */,
				32D846242B5F06260046F0D2 /* Workout+CoreDataProperties.swift in Sources */,
				32D846252B5F06260046F0D2 /* Exercise+CoreDataClass.swift in Sources */,
				32A81E3E2B45027800A5C8C2 /* AddWorkoutFooterView.swift in Sources */,
				32D846232B5F06260046F0D2 /* Workout+CoreDataClass.swift in Sources */,
				32A2937F2B42073B00122166 /* WorkoutTableViewController.swift in Sources */,
				32D846282B5F06260046F0D2 /* ExerciseSet+CoreDataProperties.swift in Sources */,
				32D8462A2B5F1EDB0046F0D2 /* ExercisesTableViewController.swift in Sources */,
				32B9D74C2B588A9E0027DE30 /* LogTableViewController.swift in Sources */,
				32A2939B2B43CCF900122166 /* WorkoutTitleTableViewCell.swift in Sources */,
				32A293972B4213D100122166 /* WorkoutTableViewCell.swift in Sources */,
				32A2937B2B42073B00122166 /* AppDelegate.swift in Sources */,
				32B9D74E2B589A440027DE30 /* LogTableViewCell.swift in Sources */,
				32A2937D2B42073B00122166 /* SceneDelegate.swift in Sources */,
				323148A62B50CAEA00F598A2 /* WorkoutDetailTableViewController.swift in Sources */,
				32D846262B5F06260046F0D2 /* Exercise+CoreDataProperties.swift in Sources */,
				327268622B5A10D600FA6D04 /* LogSectionHeaderView.swift in Sources */,
				32A293852B42073B00122166 /* WorkoutApp.xcdatamodeld in Sources */,
			);
			runOnlyForDeploymentPostprocessing = 0;
		};
/* End PBXSourcesBuildPhase section */

/* Begin PBXVariantGroup section */
		32A293882B42073C00122166 /* LaunchScreen.storyboard */ = {
			isa = PBXVariantGroup;
			children = (
				32A293892B42073C00122166 /* Base */,
			);
			name = LaunchScreen.storyboard;
			sourceTree = "<group>";
		};
/* End PBXVariantGroup section */

/* Begin XCBuildConfiguration section */
		32A2938C2B42073C00122166 /* Debug */ = {
			isa = XCBuildConfiguration;
			buildSettings = {
				ALWAYS_SEARCH_USER_PATHS = NO;
				ASSETCATALOG_COMPILER_GENERATE_SWIFT_ASSET_SYMBOL_EXTENSIONS = YES;
				CLANG_ANALYZER_NONNULL = YES;
				CLANG_ANALYZER_NUMBER_OBJECT_CONVERSION = YES_AGGRESSIVE;
				CLANG_CXX_LANGUAGE_STANDARD = "gnu++20";
				CLANG_ENABLE_MODULES = YES;
				CLANG_ENABLE_OBJC_ARC = YES;
				CLANG_ENABLE_OBJC_WEAK = YES;
				CLANG_WARN_BLOCK_CAPTURE_AUTORELEASING = YES;
				CLANG_WARN_BOOL_CONVERSION = YES;
				CLANG_WARN_COMMA = YES;
				CLANG_WARN_CONSTANT_CONVERSION = YES;
				CLANG_WARN_DEPRECATED_OBJC_IMPLEMENTATIONS = YES;
				CLANG_WARN_DIRECT_OBJC_ISA_USAGE = YES_ERROR;
				CLANG_WARN_DOCUMENTATION_COMMENTS = YES;
				CLANG_WARN_EMPTY_BODY = YES;
				CLANG_WARN_ENUM_CONVERSION = YES;
				CLANG_WARN_INFINITE_RECURSION = YES;
				CLANG_WARN_INT_CONVERSION = YES;
				CLANG_WARN_NON_LITERAL_NULL_CONVERSION = YES;
				CLANG_WARN_OBJC_IMPLICIT_RETAIN_SELF = YES;
				CLANG_WARN_OBJC_LITERAL_CONVERSION = YES;
				CLANG_WARN_OBJC_ROOT_CLASS = YES_ERROR;
				CLANG_WARN_QUOTED_INCLUDE_IN_FRAMEWORK_HEADER = YES;
				CLANG_WARN_RANGE_LOOP_ANALYSIS = YES;
				CLANG_WARN_STRICT_PROTOTYPES = YES;
				CLANG_WARN_SUSPICIOUS_MOVE = YES;
				CLANG_WARN_UNGUARDED_AVAILABILITY = YES_AGGRESSIVE;
				CLANG_WARN_UNREACHABLE_CODE = YES;
				CLANG_WARN__DUPLICATE_METHOD_MATCH = YES;
				COPY_PHASE_STRIP = NO;
				DEBUG_INFORMATION_FORMAT = dwarf;
				ENABLE_STRICT_OBJC_MSGSEND = YES;
				ENABLE_TESTABILITY = YES;
				ENABLE_USER_SCRIPT_SANDBOXING = YES;
				GCC_C_LANGUAGE_STANDARD = gnu17;
				GCC_DYNAMIC_NO_PIC = NO;
				GCC_NO_COMMON_BLOCKS = YES;
				GCC_OPTIMIZATION_LEVEL = 0;
				GCC_PREPROCESSOR_DEFINITIONS = (
					"DEBUG=1",
					"$(inherited)",
				);
				GCC_WARN_64_TO_32_BIT_CONVERSION = YES;
				GCC_WARN_ABOUT_RETURN_TYPE = YES_ERROR;
				GCC_WARN_UNDECLARED_SELECTOR = YES;
				GCC_WARN_UNINITIALIZED_AUTOS = YES_AGGRESSIVE;
				GCC_WARN_UNUSED_FUNCTION = YES;
				GCC_WARN_UNUSED_VARIABLE = YES;
				IPHONEOS_DEPLOYMENT_TARGET = 17.0;
				LOCALIZATION_PREFERS_STRING_CATALOGS = YES;
				MTL_ENABLE_DEBUG_INFO = INCLUDE_SOURCE;
				MTL_FAST_MATH = YES;
				ONLY_ACTIVE_ARCH = YES;
				SDKROOT = iphoneos;
				SWIFT_ACTIVE_COMPILATION_CONDITIONS = "DEBUG $(inherited)";
				SWIFT_OPTIMIZATION_LEVEL = "-Onone";
			};
			name = Debug;
		};
		32A2938D2B42073C00122166 /* Release */ = {
			isa = XCBuildConfiguration;
			buildSettings = {
				ALWAYS_SEARCH_USER_PATHS = NO;
				ASSETCATALOG_COMPILER_GENERATE_SWIFT_ASSET_SYMBOL_EXTENSIONS = YES;
				CLANG_ANALYZER_NONNULL = YES;
				CLANG_ANALYZER_NUMBER_OBJECT_CONVERSION = YES_AGGRESSIVE;
				CLANG_CXX_LANGUAGE_STANDARD = "gnu++20";
				CLANG_ENABLE_MODULES = YES;
				CLANG_ENABLE_OBJC_ARC = YES;
				CLANG_ENABLE_OBJC_WEAK = YES;
				CLANG_WARN_BLOCK_CAPTURE_AUTORELEASING = YES;
				CLANG_WARN_BOOL_CONVERSION = YES;
				CLANG_WARN_COMMA = YES;
				CLANG_WARN_CONSTANT_CONVERSION = YES;
				CLANG_WARN_DEPRECATED_OBJC_IMPLEMENTATIONS = YES;
				CLANG_WARN_DIRECT_OBJC_ISA_USAGE = YES_ERROR;
				CLANG_WARN_DOCUMENTATION_COMMENTS = YES;
				CLANG_WARN_EMPTY_BODY = YES;
				CLANG_WARN_ENUM_CONVERSION = YES;
				CLANG_WARN_INFINITE_RECURSION = YES;
				CLANG_WARN_INT_CONVERSION = YES;
				CLANG_WARN_NON_LITERAL_NULL_CONVERSION = YES;
				CLANG_WARN_OBJC_IMPLICIT_RETAIN_SELF = YES;
				CLANG_WARN_OBJC_LITERAL_CONVERSION = YES;
				CLANG_WARN_OBJC_ROOT_CLASS = YES_ERROR;
				CLANG_WARN_QUOTED_INCLUDE_IN_FRAMEWORK_HEADER = YES;
				CLANG_WARN_RANGE_LOOP_ANALYSIS = YES;
				CLANG_WARN_STRICT_PROTOTYPES = YES;
				CLANG_WARN_SUSPICIOUS_MOVE = YES;
				CLANG_WARN_UNGUARDED_AVAILABILITY = YES_AGGRESSIVE;
				CLANG_WARN_UNREACHABLE_CODE = YES;
				CLANG_WARN__DUPLICATE_METHOD_MATCH = YES;
				COPY_PHASE_STRIP = NO;
				DEBUG_INFORMATION_FORMAT = "dwarf-with-dsym";
				ENABLE_NS_ASSERTIONS = NO;
				ENABLE_STRICT_OBJC_MSGSEND = YES;
				ENABLE_USER_SCRIPT_SANDBOXING = YES;
				GCC_C_LANGUAGE_STANDARD = gnu17;
				GCC_NO_COMMON_BLOCKS = YES;
				GCC_WARN_64_TO_32_BIT_CONVERSION = YES;
				GCC_WARN_ABOUT_RETURN_TYPE = YES_ERROR;
				GCC_WARN_UNDECLARED_SELECTOR = YES;
				GCC_WARN_UNINITIALIZED_AUTOS = YES_AGGRESSIVE;
				GCC_WARN_UNUSED_FUNCTION = YES;
				GCC_WARN_UNUSED_VARIABLE = YES;
				IPHONEOS_DEPLOYMENT_TARGET = 17.0;
				LOCALIZATION_PREFERS_STRING_CATALOGS = YES;
				MTL_ENABLE_DEBUG_INFO = NO;
				MTL_FAST_MATH = YES;
				SDKROOT = iphoneos;
				SWIFT_COMPILATION_MODE = wholemodule;
				VALIDATE_PRODUCT = YES;
			};
			name = Release;
		};
		32A2938F2B42073C00122166 /* Debug */ = {
			isa = XCBuildConfiguration;
			buildSettings = {
				ASSETCATALOG_COMPILER_APPICON_NAME = AppIcon;
				ASSETCATALOG_COMPILER_GLOBAL_ACCENT_COLOR_NAME = AccentColor;
				CODE_SIGN_STYLE = Automatic;
				CURRENT_PROJECT_VERSION = 1;
				DEVELOPMENT_TEAM = 8KHAQ7W8KV;
				GENERATE_INFOPLIST_FILE = YES;
				INFOPLIST_FILE = WorkoutApp/Info.plist;
				INFOPLIST_KEY_UIApplicationSupportsIndirectInputEvents = YES;
				INFOPLIST_KEY_UILaunchStoryboardName = LaunchScreen;
				INFOPLIST_KEY_UISupportedInterfaceOrientations_iPad = "UIInterfaceOrientationPortrait UIInterfaceOrientationPortraitUpsideDown UIInterfaceOrientationLandscapeLeft UIInterfaceOrientationLandscapeRight";
				INFOPLIST_KEY_UISupportedInterfaceOrientations_iPhone = "UIInterfaceOrientationPortrait UIInterfaceOrientationLandscapeLeft UIInterfaceOrientationLandscapeRight";
				LD_RUNPATH_SEARCH_PATHS = (
					"$(inherited)",
					"@executable_path/Frameworks",
				);
				MARKETING_VERSION = 1.0;
				PRODUCT_BUNDLE_IDENTIFIER = com.example.WorkoutApp;
				PRODUCT_NAME = "$(TARGET_NAME)";
				SWIFT_EMIT_LOC_STRINGS = YES;
				SWIFT_VERSION = 5.0;
				TARGETED_DEVICE_FAMILY = "1,2";
			};
			name = Debug;
		};
		32A293902B42073C00122166 /* Release */ = {
			isa = XCBuildConfiguration;
			buildSettings = {
				ASSETCATALOG_COMPILER_APPICON_NAME = AppIcon;
				ASSETCATALOG_COMPILER_GLOBAL_ACCENT_COLOR_NAME = AccentColor;
				CODE_SIGN_STYLE = Automatic;
				CURRENT_PROJECT_VERSION = 1;
				DEVELOPMENT_TEAM = 8KHAQ7W8KV;
				GENERATE_INFOPLIST_FILE = YES;
				INFOPLIST_FILE = WorkoutApp/Info.plist;
				INFOPLIST_KEY_UIApplicationSupportsIndirectInputEvents = YES;
				INFOPLIST_KEY_UILaunchStoryboardName = LaunchScreen;
				INFOPLIST_KEY_UISupportedInterfaceOrientations_iPad = "UIInterfaceOrientationPortrait UIInterfaceOrientationPortraitUpsideDown UIInterfaceOrientationLandscapeLeft UIInterfaceOrientationLandscapeRight";
				INFOPLIST_KEY_UISupportedInterfaceOrientations_iPhone = "UIInterfaceOrientationPortrait UIInterfaceOrientationLandscapeLeft UIInterfaceOrientationLandscapeRight";
				LD_RUNPATH_SEARCH_PATHS = (
					"$(inherited)",
					"@executable_path/Frameworks",
				);
				MARKETING_VERSION = 1.0;
				PRODUCT_BUNDLE_IDENTIFIER = com.example.WorkoutApp;
				PRODUCT_NAME = "$(TARGET_NAME)";
				SWIFT_EMIT_LOC_STRINGS = YES;
				SWIFT_VERSION = 5.0;
				TARGETED_DEVICE_FAMILY = "1,2";
			};
			name = Release;
		};
/* End XCBuildConfiguration section */

/* Begin XCConfigurationList section */
		32A293722B42073B00122166 /* Build configuration list for PBXProject "WorkoutApp" */ = {
			isa = XCConfigurationList;
			buildConfigurations = (
				32A2938C2B42073C00122166 /* Debug */,
				32A2938D2B42073C00122166 /* Release */,
			);
			defaultConfigurationIsVisible = 0;
			defaultConfigurationName = Release;
		};
		32A2938E2B42073C00122166 /* Build configuration list for PBXNativeTarget "WorkoutApp" */ = {
			isa = XCConfigurationList;
			buildConfigurations = (
				32A2938F2B42073C00122166 /* Debug */,
				32A293902B42073C00122166 /* Release */,
			);
			defaultConfigurationIsVisible = 0;
			defaultConfigurationName = Release;
		};
/* End XCConfigurationList section */

/* Begin XCVersionGroup section */
		32A293832B42073B00122166 /* WorkoutApp.xcdatamodeld */ = {
			isa = XCVersionGroup;
			children = (
				32A293842B42073B00122166 /* WorkoutApp.xcdatamodel */,
			);
			currentVersion = 32A293842B42073B00122166 /* WorkoutApp.xcdatamodel */;
			path = WorkoutApp.xcdatamodeld;
			sourceTree = "<group>";
			versionGroupType = wrapper.xcdatamodel;
		};
/* End XCVersionGroup section */
	};
	rootObject = 32A2936F2B42073B00122166 /* Project object */;
}
